// !$*UTF8*$!
{
	archiveVersion = 1;
	classes = {
	};
	objectVersion = 46;
	objects = {

/* Begin PBXBuildFile section */
		21132620346A8647001F3EF4 /* libPods-SampleWeatherApp.a in Frameworks */ = {isa = PBXBuildFile; fileRef = 967D1405FE08594E0FE043BD /* libPods-SampleWeatherApp.a */; };
		9619459F1D2CF72D0016C313 /* LocationManager.m in Sources */ = {isa = PBXBuildFile; fileRef = 9619459E1D2CF72D0016C313 /* LocationManager.m */; };
		961945A11D2CF9400016C313 /* CoreLocation.framework in Frameworks */ = {isa = PBXBuildFile; fileRef = 961945A01D2CF9400016C313 /* CoreLocation.framework */; };
		963F03FA1D23DF4A00548E32 /* main.m in Sources */ = {isa = PBXBuildFile; fileRef = 963F03F91D23DF4A00548E32 /* main.m */; };
		963F03FD1D23DF4A00548E32 /* AppDelegate.m in Sources */ = {isa = PBXBuildFile; fileRef = 963F03FC1D23DF4A00548E32 /* AppDelegate.m */; };
		963F04001D23DF4A00548E32 /* ViewController.m in Sources */ = {isa = PBXBuildFile; fileRef = 963F03FF1D23DF4A00548E32 /* ViewController.m */; };
		963F04031D23DF4A00548E32 /* Main.storyboard in Resources */ = {isa = PBXBuildFile; fileRef = 963F04011D23DF4A00548E32 /* Main.storyboard */; };
		963F04051D23DF4A00548E32 /* Assets.xcassets in Resources */ = {isa = PBXBuildFile; fileRef = 963F04041D23DF4A00548E32 /* Assets.xcassets */; };
		963F04081D23DF4A00548E32 /* LaunchScreen.storyboard in Resources */ = {isa = PBXBuildFile; fileRef = 963F04061D23DF4A00548E32 /* LaunchScreen.storyboard */; };
		9650031A1D2E087C003BD8D7 /* Tornado.png in Resources */ = {isa = PBXBuildFile; fileRef = 965002E91D2E087C003BD8D7 /* Tornado.png */; };
		9650031C1D2E087C003BD8D7 /* Hurricane.png in Resources */ = {isa = PBXBuildFile; fileRef = 965002EB1D2E087C003BD8D7 /* Hurricane.png */; };
		9650031D1D2E087C003BD8D7 /* Severe Thunderstorms.png in Resources */ = {isa = PBXBuildFile; fileRef = 965002EC1D2E087C003BD8D7 /* Severe Thunderstorms.png */; };
		9650031E1D2E087C003BD8D7 /* Thunderstorms.png in Resources */ = {isa = PBXBuildFile; fileRef = 965002ED1D2E087C003BD8D7 /* Thunderstorms.png */; };
		9650031F1D2E087C003BD8D7 /* Mixed Rain and Snow.png in Resources */ = {isa = PBXBuildFile; fileRef = 965002EE1D2E087C003BD8D7 /* Mixed Rain and Snow.png */; };
		965003201D2E087C003BD8D7 /* Mixed Rain and Sleet.png in Resources */ = {isa = PBXBuildFile; fileRef = 965002EF1D2E087C003BD8D7 /* Mixed Rain and Sleet.png */; };
		965003211D2E087C003BD8D7 /* Mixed Snow and Sleet.png in Resources */ = {isa = PBXBuildFile; fileRef = 965002F01D2E087C003BD8D7 /* Mixed Snow and Sleet.png */; };
		965003221D2E087C003BD8D7 /* Freezing Drizzle.png in Resources */ = {isa = PBXBuildFile; fileRef = 965002F11D2E087C003BD8D7 /* Freezing Drizzle.png */; };
		965003231D2E087C003BD8D7 /* Drizzle.png in Resources */ = {isa = PBXBuildFile; fileRef = 965002F21D2E087C003BD8D7 /* Drizzle.png */; };
		965003241D2E087C003BD8D7 /* Freezing Rain.png in Resources */ = {isa = PBXBuildFile; fileRef = 965002F31D2E087C003BD8D7 /* Freezing Rain.png */; };
		965003251D2E087C003BD8D7 /* Showers.png in Resources */ = {isa = PBXBuildFile; fileRef = 965002F41D2E087C003BD8D7 /* Showers.png */; };
		965003261D2E087C003BD8D7 /* 12.png in Resources */ = {isa = PBXBuildFile; fileRef = 965002F51D2E087C003BD8D7 /* 12.png */; };
		965003271D2E087C003BD8D7 /* Snow Flurries.png in Resources */ = {isa = PBXBuildFile; fileRef = 965002F61D2E087C003BD8D7 /* Snow Flurries.png */; };
		965003281D2E087C003BD8D7 /* Light Snow Showers.png in Resources */ = {isa = PBXBuildFile; fileRef = 965002F71D2E087C003BD8D7 /* Light Snow Showers.png */; };
		965003291D2E087C003BD8D7 /* Blowing Snow.png in Resources */ = {isa = PBXBuildFile; fileRef = 965002F81D2E087C003BD8D7 /* Blowing Snow.png */; };
		9650032A1D2E087C003BD8D7 /* Snow.png in Resources */ = {isa = PBXBuildFile; fileRef = 965002F91D2E087C003BD8D7 /* Snow.png */; };
		9650032B1D2E087C003BD8D7 /* Hail.png in Resources */ = {isa = PBXBuildFile; fileRef = 965002FA1D2E087C003BD8D7 /* Hail.png */; };
		9650032C1D2E087C003BD8D7 /* Sleet.png in Resources */ = {isa = PBXBuildFile; fileRef = 965002FB1D2E087C003BD8D7 /* Sleet.png */; };
		9650032D1D2E087C003BD8D7 /* Dust.png in Resources */ = {isa = PBXBuildFile; fileRef = 965002FC1D2E087C003BD8D7 /* Dust.png */; };
		9650032E1D2E087C003BD8D7 /* Foggy.png in Resources */ = {isa = PBXBuildFile; fileRef = 965002FD1D2E087C003BD8D7 /* Foggy.png */; };
		9650032F1D2E087C003BD8D7 /* Haze.png in Resources */ = {isa = PBXBuildFile; fileRef = 965002FE1D2E087C003BD8D7 /* Haze.png */; };
		965003301D2E087C003BD8D7 /* Smoky.png in Resources */ = {isa = PBXBuildFile; fileRef = 965002FF1D2E087C003BD8D7 /* Smoky.png */; };
		965003311D2E087C003BD8D7 /* Blustery.png in Resources */ = {isa = PBXBuildFile; fileRef = 965003001D2E087C003BD8D7 /* Blustery.png */; };
		965003321D2E087C003BD8D7 /* Windy.png in Resources */ = {isa = PBXBuildFile; fileRef = 965003011D2E087C003BD8D7 /* Windy.png */; };
		965003331D2E087C003BD8D7 /* Cold.png in Resources */ = {isa = PBXBuildFile; fileRef = 965003021D2E087C003BD8D7 /* Cold.png */; };
		965003341D2E087C003BD8D7 /* Cloudy.png in Resources */ = {isa = PBXBuildFile; fileRef = 965003031D2E087C003BD8D7 /* Cloudy.png */; };
		965003351D2E087C003BD8D7 /* Mostly Cloudy (night).png in Resources */ = {isa = PBXBuildFile; fileRef = 965003041D2E087C003BD8D7 /* Mostly Cloudy (night).png */; };
		965003361D2E087C003BD8D7 /* Mostly Cloudy (day).png in Resources */ = {isa = PBXBuildFile; fileRef = 965003051D2E087C003BD8D7 /* Mostly Cloudy (day).png */; };
		965003371D2E087C003BD8D7 /* Partly Cloudy (night).png in Resources */ = {isa = PBXBuildFile; fileRef = 965003061D2E087C003BD8D7 /* Partly Cloudy (night).png */; };
		965003381D2E087C003BD8D7 /* Partly Cloudy (day).png in Resources */ = {isa = PBXBuildFile; fileRef = 965003071D2E087C003BD8D7 /* Partly Cloudy (day).png */; };
		965003391D2E087C003BD8D7 /* Clear (night).png in Resources */ = {isa = PBXBuildFile; fileRef = 965003081D2E087C003BD8D7 /* Clear (night).png */; };
		9650033A1D2E087C003BD8D7 /* Sunny.png in Resources */ = {isa = PBXBuildFile; fileRef = 965003091D2E087C003BD8D7 /* Sunny.png */; };
		9650033B1D2E087C003BD8D7 /* Fair (night).png in Resources */ = {isa = PBXBuildFile; fileRef = 9650030A1D2E087C003BD8D7 /* Fair (night).png */; };
		9650033C1D2E087C003BD8D7 /* Fair (day).png in Resources */ = {isa = PBXBuildFile; fileRef = 9650030B1D2E087C003BD8D7 /* Fair (day).png */; };
		9650033D1D2E087C003BD8D7 /* Mixed Rain and Hail.png in Resources */ = {isa = PBXBuildFile; fileRef = 9650030C1D2E087C003BD8D7 /* Mixed Rain and Hail.png */; };
		9650033E1D2E087C003BD8D7 /* Hot.png in Resources */ = {isa = PBXBuildFile; fileRef = 9650030D1D2E087C003BD8D7 /* Hot.png */; };
		9650033F1D2E087C003BD8D7 /* Isolated Thunderstorms.png in Resources */ = {isa = PBXBuildFile; fileRef = 9650030E1D2E087C003BD8D7 /* Isolated Thunderstorms.png */; };
		965003401D2E087C003BD8D7 /* Scattered Thunderstorms.png in Resources */ = {isa = PBXBuildFile; fileRef = 9650030F1D2E087C003BD8D7 /* Scattered Thunderstorms.png */; };
		965003411D2E087C003BD8D7 /* 39.png in Resources */ = {isa = PBXBuildFile; fileRef = 965003101D2E087C003BD8D7 /* 39.png */; };
		965003421D2E087C003BD8D7 /* Scattered Showers.png in Resources */ = {isa = PBXBuildFile; fileRef = 965003111D2E087C003BD8D7 /* Scattered Showers.png */; };
		965003431D2E087C003BD8D7 /* Heavy Snow.png in Resources */ = {isa = PBXBuildFile; fileRef = 965003121D2E087C003BD8D7 /* Heavy Snow.png */; };
		965003441D2E087C003BD8D7 /* Scattered Snow Showers.png in Resources */ = {isa = PBXBuildFile; fileRef = 965003131D2E087C003BD8D7 /* Scattered Snow Showers.png */; };
		965003451D2E087C003BD8D7 /* 43.png in Resources */ = {isa = PBXBuildFile; fileRef = 965003141D2E087C003BD8D7 /* 43.png */; };
		965003461D2E087C003BD8D7 /* Partly Cloudy.png in Resources */ = {isa = PBXBuildFile; fileRef = 965003151D2E087C003BD8D7 /* Partly Cloudy.png */; };
		965003471D2E087C003BD8D7 /* Thundershowers.png in Resources */ = {isa = PBXBuildFile; fileRef = 965003161D2E087C003BD8D7 /* Thundershowers.png */; };
		965003481D2E087C003BD8D7 /* Snow Showers.png in Resources */ = {isa = PBXBuildFile; fileRef = 965003171D2E087C003BD8D7 /* Snow Showers.png */; };
		965003491D2E087C003BD8D7 /* Isolated Thundershowers.png in Resources */ = {isa = PBXBuildFile; fileRef = 965003181D2E087C003BD8D7 /* Isolated Thundershowers.png */; };
		9650034A1D2E087C003BD8D7 /* na.png in Resources */ = {isa = PBXBuildFile; fileRef = 965003191D2E087C003BD8D7 /* na.png */; };
		9650034C1D2E0F05003BD8D7 /* Tropical Storm.png in Resources */ = {isa = PBXBuildFile; fileRef = 9650034B1D2E0F05003BD8D7 /* Tropical Storm.png */; };
/* End PBXBuildFile section */

/* Begin PBXFileReference section */
		121E43B7C4C89D00A29C6DC2 /* Pods-SampleWeatherApp.release.xcconfig */ = {isa = PBXFileReference; includeInIndex = 1; lastKnownFileType = text.xcconfig; name = "Pods-SampleWeatherApp.release.xcconfig"; path = "Pods/Target Support Files/Pods-SampleWeatherApp/Pods-SampleWeatherApp.release.xcconfig"; sourceTree = "<group>"; };
		6202128AE9A4378A5AA17F96 /* Pods-SampleWeatherApp.debug.xcconfig */ = {isa = PBXFileReference; includeInIndex = 1; lastKnownFileType = text.xcconfig; name = "Pods-SampleWeatherApp.debug.xcconfig"; path = "Pods/Target Support Files/Pods-SampleWeatherApp/Pods-SampleWeatherApp.debug.xcconfig"; sourceTree = "<group>"; };
		9619459D1D2CF72D0016C313 /* LocationManager.h */ = {isa = PBXFileReference; fileEncoding = 4; lastKnownFileType = sourcecode.c.h; path = LocationManager.h; sourceTree = "<group>"; };
		9619459E1D2CF72D0016C313 /* LocationManager.m */ = {isa = PBXFileReference; fileEncoding = 4; lastKnownFileType = sourcecode.c.objc; path = LocationManager.m; sourceTree = "<group>"; };
		961945A01D2CF9400016C313 /* CoreLocation.framework */ = {isa = PBXFileReference; lastKnownFileType = wrapper.framework; name = CoreLocation.framework; path = System/Library/Frameworks/CoreLocation.framework; sourceTree = SDKROOT; };
		963F03F51D23DF4A00548E32 /* SampleWeatherApp.app */ = {isa = PBXFileReference; explicitFileType = wrapper.application; includeInIndex = 0; path = SampleWeatherApp.app; sourceTree = BUILT_PRODUCTS_DIR; };
		963F03F91D23DF4A00548E32 /* main.m */ = {isa = PBXFileReference; lastKnownFileType = sourcecode.c.objc; path = main.m; sourceTree = "<group>"; };
		963F03FB1D23DF4A00548E32 /* AppDelegate.h */ = {isa = PBXFileReference; lastKnownFileType = sourcecode.c.h; path = AppDelegate.h; sourceTree = "<group>"; };
		963F03FC1D23DF4A00548E32 /* AppDelegate.m */ = {isa = PBXFileReference; lastKnownFileType = sourcecode.c.objc; path = AppDelegate.m; sourceTree = "<group>"; };
		963F03FE1D23DF4A00548E32 /* ViewController.h */ = {isa = PBXFileReference; lastKnownFileType = sourcecode.c.h; path = ViewController.h; sourceTree = "<group>"; };
		963F03FF1D23DF4A00548E32 /* ViewController.m */ = {isa = PBXFileReference; lastKnownFileType = sourcecode.c.objc; path = ViewController.m; sourceTree = "<group>"; };
		963F04021D23DF4A00548E32 /* Base */ = {isa = PBXFileReference; lastKnownFileType = file.storyboard; name = Base; path = Base.lproj/Main.storyboard; sourceTree = "<group>"; };
		963F04041D23DF4A00548E32 /* Assets.xcassets */ = {isa = PBXFileReference; lastKnownFileType = folder.assetcatalog; path = Assets.xcassets; sourceTree = "<group>"; };
		963F04071D23DF4A00548E32 /* Base */ = {isa = PBXFileReference; lastKnownFileType = file.storyboard; name = Base; path = Base.lproj/LaunchScreen.storyboard; sourceTree = "<group>"; };
		963F04091D23DF4A00548E32 /* Info.plist */ = {isa = PBXFileReference; lastKnownFileType = text.plist.xml; path = Info.plist; sourceTree = "<group>"; };
		965002E91D2E087C003BD8D7 /* Tornado.png */ = {isa = PBXFileReference; lastKnownFileType = image.png; path = Tornado.png; sourceTree = "<group>"; };
		965002EB1D2E087C003BD8D7 /* Hurricane.png */ = {isa = PBXFileReference; lastKnownFileType = image.png; path = Hurricane.png; sourceTree = "<group>"; };
		965002EC1D2E087C003BD8D7 /* Severe Thunderstorms.png */ = {isa = PBXFileReference; lastKnownFileType = image.png; path = "Severe Thunderstorms.png"; sourceTree = "<group>"; };
		965002ED1D2E087C003BD8D7 /* Thunderstorms.png */ = {isa = PBXFileReference; lastKnownFileType = image.png; path = Thunderstorms.png; sourceTree = "<group>"; };
		965002EE1D2E087C003BD8D7 /* Mixed Rain and Snow.png */ = {isa = PBXFileReference; lastKnownFileType = image.png; path = "Mixed Rain and Snow.png"; sourceTree = "<group>"; };
		965002EF1D2E087C003BD8D7 /* Mixed Rain and Sleet.png */ = {isa = PBXFileReference; lastKnownFileType = image.png; path = "Mixed Rain and Sleet.png"; sourceTree = "<group>"; };
		965002F01D2E087C003BD8D7 /* Mixed Snow and Sleet.png */ = {isa = PBXFileReference; lastKnownFileType = image.png; path = "Mixed Snow and Sleet.png"; sourceTree = "<group>"; };
		965002F11D2E087C003BD8D7 /* Freezing Drizzle.png */ = {isa = PBXFileReference; lastKnownFileType = image.png; path = "Freezing Drizzle.png"; sourceTree = "<group>"; };
		965002F21D2E087C003BD8D7 /* Drizzle.png */ = {isa = PBXFileReference; lastKnownFileType = image.png; path = Drizzle.png; sourceTree = "<group>"; };
		965002F31D2E087C003BD8D7 /* Freezing Rain.png */ = {isa = PBXFileReference; lastKnownFileType = image.png; path = "Freezing Rain.png"; sourceTree = "<group>"; };
		965002F41D2E087C003BD8D7 /* Showers.png */ = {isa = PBXFileReference; lastKnownFileType = image.png; path = Showers.png; sourceTree = "<group>"; };
		965002F51D2E087C003BD8D7 /* 12.png */ = {isa = PBXFileReference; lastKnownFileType = image.png; path = 12.png; sourceTree = "<group>"; };
		965002F61D2E087C003BD8D7 /* Snow Flurries.png */ = {isa = PBXFileReference; lastKnownFileType = image.png; path = "Snow Flurries.png"; sourceTree = "<group>"; };
		965002F71D2E087C003BD8D7 /* Light Snow Showers.png */ = {isa = PBXFileReference; lastKnownFileType = image.png; path = "Light Snow Showers.png"; sourceTree = "<group>"; };
		965002F81D2E087C003BD8D7 /* Blowing Snow.png */ = {isa = PBXFileReference; lastKnownFileType = image.png; path = "Blowing Snow.png"; sourceTree = "<group>"; };
		965002F91D2E087C003BD8D7 /* Snow.png */ = {isa = PBXFileReference; lastKnownFileType = image.png; path = Snow.png; sourceTree = "<group>"; };
		965002FA1D2E087C003BD8D7 /* Hail.png */ = {isa = PBXFileReference; lastKnownFileType = image.png; path = Hail.png; sourceTree = "<group>"; };
		965002FB1D2E087C003BD8D7 /* Sleet.png */ = {isa = PBXFileReference; lastKnownFileType = image.png; path = Sleet.png; sourceTree = "<group>"; };
		965002FC1D2E087C003BD8D7 /* Dust.png */ = {isa = PBXFileReference; lastKnownFileType = image.png; path = Dust.png; sourceTree = "<group>"; };
		965002FD1D2E087C003BD8D7 /* Foggy.png */ = {isa = PBXFileReference; lastKnownFileType = image.png; path = Foggy.png; sourceTree = "<group>"; };
		965002FE1D2E087C003BD8D7 /* Haze.png */ = {isa = PBXFileReference; lastKnownFileType = image.png; path = Haze.png; sourceTree = "<group>"; };
		965002FF1D2E087C003BD8D7 /* Smoky.png */ = {isa = PBXFileReference; lastKnownFileType = image.png; path = Smoky.png; sourceTree = "<group>"; };
		965003001D2E087C003BD8D7 /* Blustery.png */ = {isa = PBXFileReference; lastKnownFileType = image.png; path = Blustery.png; sourceTree = "<group>"; };
		965003011D2E087C003BD8D7 /* Windy.png */ = {isa = PBXFileReference; lastKnownFileType = image.png; path = Windy.png; sourceTree = "<group>"; };
		965003021D2E087C003BD8D7 /* Cold.png */ = {isa = PBXFileReference; lastKnownFileType = image.png; path = Cold.png; sourceTree = "<group>"; };
		965003031D2E087C003BD8D7 /* Cloudy.png */ = {isa = PBXFileReference; lastKnownFileType = image.png; path = Cloudy.png; sourceTree = "<group>"; };
		965003041D2E087C003BD8D7 /* Mostly Cloudy (night).png */ = {isa = PBXFileReference; lastKnownFileType = image.png; path = "Mostly Cloudy (night).png"; sourceTree = "<group>"; };
		965003051D2E087C003BD8D7 /* Mostly Cloudy (day).png */ = {isa = PBXFileReference; lastKnownFileType = image.png; path = "Mostly Cloudy (day).png"; sourceTree = "<group>"; };
		965003061D2E087C003BD8D7 /* Partly Cloudy (night).png */ = {isa = PBXFileReference; lastKnownFileType = image.png; path = "Partly Cloudy (night).png"; sourceTree = "<group>"; };
		965003071D2E087C003BD8D7 /* Partly Cloudy (day).png */ = {isa = PBXFileReference; lastKnownFileType = image.png; path = "Partly Cloudy (day).png"; sourceTree = "<group>"; };
		965003081D2E087C003BD8D7 /* Clear (night).png */ = {isa = PBXFileReference; lastKnownFileType = image.png; path = "Clear (night).png"; sourceTree = "<group>"; };
		965003091D2E087C003BD8D7 /* Sunny.png */ = {isa = PBXFileReference; lastKnownFileType = image.png; path = Sunny.png; sourceTree = "<group>"; };
		9650030A1D2E087C003BD8D7 /* Fair (night).png */ = {isa = PBXFileReference; lastKnownFileType = image.png; path = "Fair (night).png"; sourceTree = "<group>"; };
		9650030B1D2E087C003BD8D7 /* Fair (day).png */ = {isa = PBXFileReference; lastKnownFileType = image.png; path = "Fair (day).png"; sourceTree = "<group>"; };
		9650030C1D2E087C003BD8D7 /* Mixed Rain and Hail.png */ = {isa = PBXFileReference; lastKnownFileType = image.png; path = "Mixed Rain and Hail.png"; sourceTree = "<group>"; };
		9650030D1D2E087C003BD8D7 /* Hot.png */ = {isa = PBXFileReference; lastKnownFileType = image.png; path = Hot.png; sourceTree = "<group>"; };
		9650030E1D2E087C003BD8D7 /* Isolated Thunderstorms.png */ = {isa = PBXFileReference; lastKnownFileType = image.png; path = "Isolated Thunderstorms.png"; sourceTree = "<group>"; };
		9650030F1D2E087C003BD8D7 /* Scattered Thunderstorms.png */ = {isa = PBXFileReference; lastKnownFileType = image.png; path = "Scattered Thunderstorms.png"; sourceTree = "<group>"; };
		965003101D2E087C003BD8D7 /* 39.png */ = {isa = PBXFileReference; lastKnownFileType = image.png; path = 39.png; sourceTree = "<group>"; };
		965003111D2E087C003BD8D7 /* Scattered Showers.png */ = {isa = PBXFileReference; lastKnownFileType = image.png; path = "Scattered Showers.png"; sourceTree = "<group>"; };
		965003121D2E087C003BD8D7 /* Heavy Snow.png */ = {isa = PBXFileReference; lastKnownFileType = image.png; path = "Heavy Snow.png"; sourceTree = "<group>"; };
		965003131D2E087C003BD8D7 /* Scattered Snow Showers.png */ = {isa = PBXFileReference; lastKnownFileType = image.png; path = "Scattered Snow Showers.png"; sourceTree = "<group>"; };
		965003141D2E087C003BD8D7 /* 43.png */ = {isa = PBXFileReference; lastKnownFileType = image.png; path = 43.png; sourceTree = "<group>"; };
		965003151D2E087C003BD8D7 /* Partly Cloudy.png */ = {isa = PBXFileReference; lastKnownFileType = image.png; path = "Partly Cloudy.png"; sourceTree = "<group>"; };
		965003161D2E087C003BD8D7 /* Thundershowers.png */ = {isa = PBXFileReference; lastKnownFileType = image.png; path = Thundershowers.png; sourceTree = "<group>"; };
		965003171D2E087C003BD8D7 /* Snow Showers.png */ = {isa = PBXFileReference; lastKnownFileType = image.png; path = "Snow Showers.png"; sourceTree = "<group>"; };
		965003181D2E087C003BD8D7 /* Isolated Thundershowers.png */ = {isa = PBXFileReference; lastKnownFileType = image.png; path = "Isolated Thundershowers.png"; sourceTree = "<group>"; };
		965003191D2E087C003BD8D7 /* na.png */ = {isa = PBXFileReference; lastKnownFileType = image.png; path = na.png; sourceTree = "<group>"; };
		9650034B1D2E0F05003BD8D7 /* Tropical Storm.png */ = {isa = PBXFileReference; lastKnownFileType = image.png; path = "Tropical Storm.png"; sourceTree = "<group>"; };
		967D1405FE08594E0FE043BD /* libPods-SampleWeatherApp.a */ = {isa = PBXFileReference; explicitFileType = archive.ar; includeInIndex = 0; path = "libPods-SampleWeatherApp.a"; sourceTree = BUILT_PRODUCTS_DIR; };
/* End PBXFileReference section */

/* Begin PBXFrameworksBuildPhase section */
		963F03F21D23DF4A00548E32 /* Frameworks */ = {
			isa = PBXFrameworksBuildPhase;
			buildActionMask = 2147483647;
			files = (
				961945A11D2CF9400016C313 /* CoreLocation.framework in Frameworks */,
				21132620346A8647001F3EF4 /* libPods-SampleWeatherApp.a in Frameworks */,
			);
			runOnlyForDeploymentPostprocessing = 0;
		};
/* End PBXFrameworksBuildPhase section */

/* Begin PBXGroup section */
		4D5E8C316B1E82F84159B17E /* Pods */ = {
			isa = PBXGroup;
			children = (
				6202128AE9A4378A5AA17F96 /* Pods-SampleWeatherApp.debug.xcconfig */,
				121E43B7C4C89D00A29C6DC2 /* Pods-SampleWeatherApp.release.xcconfig */,
			);
			name = Pods;
			sourceTree = "<group>";
		};
		9619459C1D2CF61E0016C313 /* Singletones */ = {
			isa = PBXGroup;
			children = (
				9619459D1D2CF72D0016C313 /* LocationManager.h */,
				9619459E1D2CF72D0016C313 /* LocationManager.m */,
			);
			path = Singletones;
			sourceTree = "<group>";
		};
		963F03EC1D23DF4A00548E32 = {
			isa = PBXGroup;
			children = (
				963F03F71D23DF4A00548E32 /* SampleWeatherApp */,
				963F03F61D23DF4A00548E32 /* Products */,
				4D5E8C316B1E82F84159B17E /* Pods */,
				EFDB9F9F4DF719A87909A9D5 /* Frameworks */,
			);
			sourceTree = "<group>";
		};
		963F03F61D23DF4A00548E32 /* Products */ = {
			isa = PBXGroup;
			children = (
				963F03F51D23DF4A00548E32 /* SampleWeatherApp.app */,
			);
			name = Products;
			sourceTree = "<group>";
		};
		963F03F71D23DF4A00548E32 /* SampleWeatherApp */ = {
			isa = PBXGroup;
			children = (
				965002A91D2D936B003BD8D7 /* Images */,
				9619459C1D2CF61E0016C313 /* Singletones */,
				963F03FB1D23DF4A00548E32 /* AppDelegate.h */,
				963F03FC1D23DF4A00548E32 /* AppDelegate.m */,
				963F03FE1D23DF4A00548E32 /* ViewController.h */,
				963F03FF1D23DF4A00548E32 /* ViewController.m */,
				963F04011D23DF4A00548E32 /* Main.storyboard */,
				963F04041D23DF4A00548E32 /* Assets.xcassets */,
				963F04061D23DF4A00548E32 /* LaunchScreen.storyboard */,
				963F04091D23DF4A00548E32 /* Info.plist */,
				963F03F81D23DF4A00548E32 /* Supporting Files */,
			);
			path = SampleWeatherApp;
			sourceTree = "<group>";
		};
		963F03F81D23DF4A00548E32 /* Supporting Files */ = {
			isa = PBXGroup;
			children = (
				963F03F91D23DF4A00548E32 /* main.m */,
			);
			name = "Supporting Files";
			sourceTree = "<group>";
		};
		965002A91D2D936B003BD8D7 /* Images */ = {
			isa = PBXGroup;
			children = (
				965002E81D2E086A003BD8D7 /* WeatherIcon */,
			);
			path = Images;
			sourceTree = "<group>";
		};
		965002E81D2E086A003BD8D7 /* WeatherIcon */ = {
			isa = PBXGroup;
			children = (
				965002E91D2E087C003BD8D7 /* Tornado.png */,
				9650034B1D2E0F05003BD8D7 /* Tropical Storm.png */,
				965002EB1D2E087C003BD8D7 /* Hurricane.png */,
				965002EC1D2E087C003BD8D7 /* Severe Thunderstorms.png */,
				965002ED1D2E087C003BD8D7 /* Thunderstorms.png */,
				965002EE1D2E087C003BD8D7 /* Mixed Rain and Snow.png */,
				965002EF1D2E087C003BD8D7 /* Mixed Rain and Sleet.png */,
				965002F01D2E087C003BD8D7 /* Mixed Snow and Sleet.png */,
				965002F11D2E087C003BD8D7 /* Freezing Drizzle.png */,
				965002F21D2E087C003BD8D7 /* Drizzle.png */,
				965002F31D2E087C003BD8D7 /* Freezing Rain.png */,
				965002F41D2E087C003BD8D7 /* Showers.png */,
				965002F51D2E087C003BD8D7 /* 12.png */,
				965002F61D2E087C003BD8D7 /* Snow Flurries.png */,
				965002F71D2E087C003BD8D7 /* Light Snow Showers.png */,
				965002F81D2E087C003BD8D7 /* Blowing Snow.png */,
				965002F91D2E087C003BD8D7 /* Snow.png */,
				965002FA1D2E087C003BD8D7 /* Hail.png */,
				965002FB1D2E087C003BD8D7 /* Sleet.png */,
				965002FC1D2E087C003BD8D7 /* Dust.png */,
				965002FD1D2E087C003BD8D7 /* Foggy.png */,
				965002FE1D2E087C003BD8D7 /* Haze.png */,
				965002FF1D2E087C003BD8D7 /* Smoky.png */,
				965003001D2E087C003BD8D7 /* Blustery.png */,
				965003011D2E087C003BD8D7 /* Windy.png */,
				965003021D2E087C003BD8D7 /* Cold.png */,
				965003031D2E087C003BD8D7 /* Cloudy.png */,
				965003041D2E087C003BD8D7 /* Mostly Cloudy (night).png */,
				965003051D2E087C003BD8D7 /* Mostly Cloudy (day).png */,
				965003061D2E087C003BD8D7 /* Partly Cloudy (night).png */,
				965003071D2E087C003BD8D7 /* Partly Cloudy (day).png */,
				965003081D2E087C003BD8D7 /* Clear (night).png */,
				965003091D2E087C003BD8D7 /* Sunny.png */,
				9650030A1D2E087C003BD8D7 /* Fair (night).png */,
				9650030B1D2E087C003BD8D7 /* Fair (day).png */,
				9650030C1D2E087C003BD8D7 /* Mixed Rain and Hail.png */,
				9650030D1D2E087C003BD8D7 /* Hot.png */,
				9650030E1D2E087C003BD8D7 /* Isolated Thunderstorms.png */,
				9650030F1D2E087C003BD8D7 /* Scattered Thunderstorms.png */,
				965003101D2E087C003BD8D7 /* 39.png */,
				965003111D2E087C003BD8D7 /* Scattered Showers.png */,
				965003121D2E087C003BD8D7 /* Heavy Snow.png */,
				965003131D2E087C003BD8D7 /* Scattered Snow Showers.png */,
				965003141D2E087C003BD8D7 /* 43.png */,
				965003151D2E087C003BD8D7 /* Partly Cloudy.png */,
				965003161D2E087C003BD8D7 /* Thundershowers.png */,
				965003171D2E087C003BD8D7 /* Snow Showers.png */,
				965003181D2E087C003BD8D7 /* Isolated Thundershowers.png */,
				965003191D2E087C003BD8D7 /* na.png */,
			);
			path = WeatherIcon;
			sourceTree = "<group>";
		};
		EFDB9F9F4DF719A87909A9D5 /* Frameworks */ = {
			isa = PBXGroup;
			children = (
				961945A01D2CF9400016C313 /* CoreLocation.framework */,
				967D1405FE08594E0FE043BD /* libPods-SampleWeatherApp.a */,
			);
			name = Frameworks;
			sourceTree = "<group>";
		};
/* End PBXGroup section */

/* Begin PBXNativeTarget section */
		963F03F41D23DF4A00548E32 /* SampleWeatherApp */ = {
			isa = PBXNativeTarget;
			buildConfigurationList = 963F040C1D23DF4A00548E32 /* Build configuration list for PBXNativeTarget "SampleWeatherApp" */;
			buildPhases = (
				6016B1110BE969F11329373D /* [CP] Check Pods Manifest.lock */,
				963F03F11D23DF4A00548E32 /* Sources */,
				963F03F21D23DF4A00548E32 /* Frameworks */,
				963F03F31D23DF4A00548E32 /* Resources */,
				05633F29A3623612DD6A2B0C /* [CP] Embed Pods Frameworks */,
				22F5BBE8EC430C7D221B4A71 /* [CP] Copy Pods Resources */,
			);
			buildRules = (
			);
			dependencies = (
			);
			name = SampleWeatherApp;
			productName = SampleWeatherApp;
			productReference = 963F03F51D23DF4A00548E32 /* SampleWeatherApp.app */;
			productType = "com.apple.product-type.application";
		};
/* End PBXNativeTarget section */

/* Begin PBXProject section */
		963F03ED1D23DF4A00548E32 /* Project object */ = {
			isa = PBXProject;
			attributes = {
				LastUpgradeCheck = 0730;
				ORGANIZATIONNAME = SiliconOrchard;
				TargetAttributes = {
					963F03F41D23DF4A00548E32 = {
						CreatedOnToolsVersion = 7.3;
					};
				};
			};
			buildConfigurationList = 963F03F01D23DF4A00548E32 /* Build configuration list for PBXProject "SampleWeatherApp" */;
			compatibilityVersion = "Xcode 3.2";
			developmentRegion = English;
			hasScannedForEncodings = 0;
			knownRegions = (
				en,
				Base,
			);
			mainGroup = 963F03EC1D23DF4A00548E32;
			productRefGroup = 963F03F61D23DF4A00548E32 /* Products */;
			projectDirPath = "";
			projectRoot = "";
			targets = (
				963F03F41D23DF4A00548E32 /* SampleWeatherApp */,
			);
		};
/* End PBXProject section */

/* Begin PBXResourcesBuildPhase section */
		963F03F31D23DF4A00548E32 /* Resources */ = {
			isa = PBXResourcesBuildPhase;
			buildActionMask = 2147483647;
			files = (
				9650034A1D2E087C003BD8D7 /* na.png in Resources */,
				9650032A1D2E087C003BD8D7 /* Snow.png in Resources */,
				965003461D2E087C003BD8D7 /* Partly Cloudy.png in Resources */,
				9650032B1D2E087C003BD8D7 /* Hail.png in Resources */,
				9650033A1D2E087C003BD8D7 /* Sunny.png in Resources */,
				965003471D2E087C003BD8D7 /* Thundershowers.png in Resources */,
				965003481D2E087C003BD8D7 /* Snow Showers.png in Resources */,
				965003231D2E087C003BD8D7 /* Drizzle.png in Resources */,
				965003361D2E087C003BD8D7 /* Mostly Cloudy (day).png in Resources */,
				9650032E1D2E087C003BD8D7 /* Foggy.png in Resources */,
				9650031D1D2E087C003BD8D7 /* Severe Thunderstorms.png in Resources */,
				9650032D1D2E087C003BD8D7 /* Dust.png in Resources */,
				965003411D2E087C003BD8D7 /* 39.png in Resources */,
				9650033F1D2E087C003BD8D7 /* Isolated Thunderstorms.png in Resources */,
				963F04081D23DF4A00548E32 /* LaunchScreen.storyboard in Resources */,
				9650033E1D2E087C003BD8D7 /* Hot.png in Resources */,
				965003441D2E087C003BD8D7 /* Scattered Snow Showers.png in Resources */,
				965003451D2E087C003BD8D7 /* 43.png in Resources */,
				9650033C1D2E087C003BD8D7 /* Fair (day).png in Resources */,
				9650031A1D2E087C003BD8D7 /* Tornado.png in Resources */,
				9650034C1D2E0F05003BD8D7 /* Tropical Storm.png in Resources */,
				965003391D2E087C003BD8D7 /* Clear (night).png in Resources */,
				963F04051D23DF4A00548E32 /* Assets.xcassets in Resources */,
				965003221D2E087C003BD8D7 /* Freezing Drizzle.png in Resources */,
				965003331D2E087C003BD8D7 /* Cold.png in Resources */,
				965003211D2E087C003BD8D7 /* Mixed Snow and Sleet.png in Resources */,
				965003241D2E087C003BD8D7 /* Freezing Rain.png in Resources */,
				965003301D2E087C003BD8D7 /* Smoky.png in Resources */,
				965003381D2E087C003BD8D7 /* Partly Cloudy (day).png in Resources */,
				965003341D2E087C003BD8D7 /* Cloudy.png in Resources */,
				965003201D2E087C003BD8D7 /* Mixed Rain and Sleet.png in Resources */,
				965003431D2E087C003BD8D7 /* Heavy Snow.png in Resources */,
				965003311D2E087C003BD8D7 /* Blustery.png in Resources */,
				9650032C1D2E087C003BD8D7 /* Sleet.png in Resources */,
				965003291D2E087C003BD8D7 /* Blowing Snow.png in Resources */,
				965003281D2E087C003BD8D7 /* Light Snow Showers.png in Resources */,
				9650033D1D2E087C003BD8D7 /* Mixed Rain and Hail.png in Resources */,
				965003251D2E087C003BD8D7 /* Showers.png in Resources */,
				9650031F1D2E087C003BD8D7 /* Mixed Rain and Snow.png in Resources */,
				965003261D2E087C003BD8D7 /* 12.png in Resources */,
				965003421D2E087C003BD8D7 /* Scattered Showers.png in Resources */,
				9650032F1D2E087C003BD8D7 /* Haze.png in Resources */,
				965003321D2E087C003BD8D7 /* Windy.png in Resources */,
				965003271D2E087C003BD8D7 /* Snow Flurries.png in Resources */,
				965003491D2E087C003BD8D7 /* Isolated Thundershowers.png in Resources */,
				965003351D2E087C003BD8D7 /* Mostly Cloudy (night).png in Resources */,
				9650031E1D2E087C003BD8D7 /* Thunderstorms.png in Resources */,
				965003371D2E087C003BD8D7 /* Partly Cloudy (night).png in Resources */,
				965003401D2E087C003BD8D7 /* Scattered Thunderstorms.png in Resources */,
				963F04031D23DF4A00548E32 /* Main.storyboard in Resources */,
				9650033B1D2E087C003BD8D7 /* Fair (night).png in Resources */,
				9650031C1D2E087C003BD8D7 /* Hurricane.png in Resources */,
			);
			runOnlyForDeploymentPostprocessing = 0;
		};
/* End PBXResourcesBuildPhase section */

/* Begin PBXShellScriptBuildPhase section */
		05633F29A3623612DD6A2B0C /* [CP] Embed Pods Frameworks */ = {
			isa = PBXShellScriptBuildPhase;
			buildActionMask = 2147483647;
			files = (
			);
			inputPaths = (
			);
			name = "[CP] Embed Pods Frameworks";
			outputPaths = (
			);
			runOnlyForDeploymentPostprocessing = 0;
			shellPath = /bin/sh;
			shellScript = "\"${SRCROOT}/Pods/Target Support Files/Pods-SampleWeatherApp/Pods-SampleWeatherApp-frameworks.sh\"\n";
			showEnvVarsInLog = 0;
		};
		22F5BBE8EC430C7D221B4A71 /* [CP] Copy Pods Resources */ = {
			isa = PBXShellScriptBuildPhase;
			buildActionMask = 2147483647;
			files = (
			);
			inputPaths = (
			);
			name = "[CP] Copy Pods Resources";
			outputPaths = (
			);
			runOnlyForDeploymentPostprocessing = 0;
			shellPath = /bin/sh;
			shellScript = "\"${SRCROOT}/Pods/Target Support Files/Pods-SampleWeatherApp/Pods-SampleWeatherApp-resources.sh\"\n";
			showEnvVarsInLog = 0;
		};
		6016B1110BE969F11329373D /* [CP] Check Pods Manifest.lock */ = {
			isa = PBXShellScriptBuildPhase;
			buildActionMask = 2147483647;
			files = (
			);
			inputPaths = (
			);
			name = "[CP] Check Pods Manifest.lock";
			outputPaths = (
			);
			runOnlyForDeploymentPostprocessing = 0;
			shellPath = /bin/sh;
			shellScript = "diff \"${PODS_ROOT}/../Podfile.lock\" \"${PODS_ROOT}/Manifest.lock\" > /dev/null\nif [[ $? != 0 ]] ; then\n    cat << EOM\nerror: The sandbox is not in sync with the Podfile.lock. Run 'pod install' or update your CocoaPods installation.\nEOM\n    exit 1\nfi\n";
			showEnvVarsInLog = 0;
		};
/* End PBXShellScriptBuildPhase section */

/* Begin PBXSourcesBuildPhase section */
		963F03F11D23DF4A00548E32 /* Sources */ = {
			isa = PBXSourcesBuildPhase;
			buildActionMask = 2147483647;
			files = (
				963F04001D23DF4A00548E32 /* ViewController.m in Sources */,
				963F03FD1D23DF4A00548E32 /* AppDelegate.m in Sources */,
				9619459F1D2CF72D0016C313 /* LocationManager.m in Sources */,
				963F03FA1D23DF4A00548E32 /* main.m in Sources */,
			);
			runOnlyForDeploymentPostprocessing = 0;
		};
/* End PBXSourcesBuildPhase section */

/* Begin PBXVariantGroup section */
		963F04011D23DF4A00548E32 /* Main.storyboard */ = {
			isa = PBXVariantGroup;
			children = (
				963F04021D23DF4A00548E32 /* Base */,
			);
			name = Main.storyboard;
			sourceTree = "<group>";
		};
		963F04061D23DF4A00548E32 /* LaunchScreen.storyboard */ = {
			isa = PBXVariantGroup;
			children = (
				963F04071D23DF4A00548E32 /* Base */,
			);
			name = LaunchScreen.storyboard;
			sourceTree = "<group>";
		};
/* End PBXVariantGroup section */

/* Begin XCBuildConfiguration section */
		963F040A1D23DF4A00548E32 /* Debug */ = {
			isa = XCBuildConfiguration;
			buildSettings = {
				ALWAYS_SEARCH_USER_PATHS = NO;
				CLANG_ANALYZER_NONNULL = YES;
				CLANG_CXX_LANGUAGE_STANDARD = "gnu++0x";
				CLANG_CXX_LIBRARY = "libc++";
				CLANG_ENABLE_MODULES = YES;
				CLANG_ENABLE_OBJC_ARC = YES;
				CLANG_WARN_BOOL_CONVERSION = YES;
				CLANG_WARN_CONSTANT_CONVERSION = YES;
				CLANG_WARN_DIRECT_OBJC_ISA_USAGE = YES_ERROR;
				CLANG_WARN_EMPTY_BODY = YES;
				CLANG_WARN_ENUM_CONVERSION = YES;
				CLANG_WARN_INT_CONVERSION = YES;
				CLANG_WARN_OBJC_ROOT_CLASS = YES_ERROR;
				CLANG_WARN_UNREACHABLE_CODE = YES;
				CLANG_WARN__DUPLICATE_METHOD_MATCH = YES;
				"CODE_SIGN_IDENTITY[sdk=iphoneos*]" = "iPhone Developer";
				COPY_PHASE_STRIP = NO;
				DEBUG_INFORMATION_FORMAT = dwarf;
				ENABLE_STRICT_OBJC_MSGSEND = YES;
				ENABLE_TESTABILITY = YES;
				GCC_C_LANGUAGE_STANDARD = gnu99;
				GCC_DYNAMIC_NO_PIC = NO;
				GCC_NO_COMMON_BLOCKS = YES;
				GCC_OPTIMIZATION_LEVEL = 0;
				GCC_PREPROCESSOR_DEFINITIONS = (
					"DEBUG=1",
					"$(inherited)",
				);
				GCC_WARN_64_TO_32_BIT_CONVERSION = YES;
				GCC_WARN_ABOUT_RETURN_TYPE = YES_ERROR;
				GCC_WARN_UNDECLARED_SELECTOR = YES;
				GCC_WARN_UNINITIALIZED_AUTOS = YES_AGGRESSIVE;
				GCC_WARN_UNUSED_FUNCTION = YES;
				GCC_WARN_UNUSED_VARIABLE = YES;
				IPHONEOS_DEPLOYMENT_TARGET = 9.3;
				MTL_ENABLE_DEBUG_INFO = YES;
				ONLY_ACTIVE_ARCH = YES;
				SDKROOT = iphoneos;
				TARGETED_DEVICE_FAMILY = "1,2";
			};
			name = Debug;
		};
		963F040B1D23DF4A00548E32 /* Release */ = {
			isa = XCBuildConfiguration;
			buildSettings = {
				ALWAYS_SEARCH_USER_PATHS = NO;
				CLANG_ANALYZER_NONNULL = YES;
				CLANG_CXX_LANGUAGE_STANDARD = "gnu++0x";
				CLANG_CXX_LIBRARY = "libc++";
				CLANG_ENABLE_MODULES = YES;
				CLANG_ENABLE_OBJC_ARC = YES;
				CLANG_WARN_BOOL_CONVERSION = YES;
				CLANG_WARN_CONSTANT_CONVERSION = YES;
				CLANG_WARN_DIRECT_OBJC_ISA_USAGE = YES_ERROR;
				CLANG_WARN_EMPTY_BODY = YES;
				CLANG_WARN_ENUM_CONVERSION = YES;
				CLANG_WARN_INT_CONVERSION = YES;
				CLANG_WARN_OBJC_ROOT_CLASS = YES_ERROR;
				CLANG_WARN_UNREACHABLE_CODE = YES;
				CLANG_WARN__DUPLICATE_METHOD_MATCH = YES;
				"CODE_SIGN_IDENTITY[sdk=iphoneos*]" = "iPhone Developer";
				COPY_PHASE_STRIP = NO;
				DEBUG_INFORMATION_FORMAT = "dwarf-with-dsym";
				ENABLE_NS_ASSERTIONS = NO;
				ENABLE_STRICT_OBJC_MSGSEND = YES;
				GCC_C_LANGUAGE_STANDARD = gnu99;
				GCC_NO_COMMON_BLOCKS = YES;
				GCC_WARN_64_TO_32_BIT_CONVERSION = YES;
				GCC_WARN_ABOUT_RETURN_TYPE = YES_ERROR;
				GCC_WARN_UNDECLARED_SELECTOR = YES;
				GCC_WARN_UNINITIALIZED_AUTOS = YES_AGGRESSIVE;
				GCC_WARN_UNUSED_FUNCTION = YES;
				GCC_WARN_UNUSED_VARIABLE = YES;
				IPHONEOS_DEPLOYMENT_TARGET = 9.3;
				MTL_ENABLE_DEBUG_INFO = NO;
				SDKROOT = iphoneos;
				TARGETED_DEVICE_FAMILY = "1,2";
				VALIDATE_PRODUCT = YES;
			};
			name = Release;
		};
		963F040D1D23DF4A00548E32 /* Debug */ = {
			isa = XCBuildConfiguration;
			baseConfigurationReference = 6202128AE9A4378A5AA17F96 /* Pods-SampleWeatherApp.debug.xcconfig */;
			buildSettings = {
				ASSETCATALOG_COMPILER_APPICON_NAME = AppIcon;
				INFOPLIST_FILE = SampleWeatherApp/Info.plist;
				LD_RUNPATH_SEARCH_PATHS = "$(inherited) @executable_path/Frameworks";
				PRODUCT_BUNDLE_IDENTIFIER = com.SiliconOrchard.SampleWeatherApp;
				PRODUCT_NAME = "$(TARGET_NAME)";
				TARGETED_DEVICE_FAMILY = 1;
			};
			name = Debug;
		};
		963F040E1D23DF4A00548E32 /* Release */ = {
			isa = XCBuildConfiguration;
			baseConfigurationReference = 121E43B7C4C89D00A29C6DC2 /* Pods-SampleWeatherApp.release.xcconfig */;
			buildSettings = {
				ASSETCATALOG_COMPILER_APPICON_NAME = AppIcon;
				INFOPLIST_FILE = SampleWeatherApp/Info.plist;
				LD_RUNPATH_SEARCH_PATHS = "$(inherited) @executable_path/Frameworks";
				PRODUCT_BUNDLE_IDENTIFIER = com.SiliconOrchard.SampleWeatherApp;
				PRODUCT_NAME = "$(TARGET_NAME)";
				TARGETED_DEVICE_FAMILY = 1;
			};
			name = Release;
		};
/* End XCBuildConfiguration section */

/* Begin XCConfigurationList section */
		963F03F01D23DF4A00548E32 /* Build configuration list for PBXProject "SampleWeatherApp" */ = {
			isa = XCConfigurationList;
			buildConfigurations = (
				963F040A1D23DF4A00548E32 /* Debug */,
				963F040B1D23DF4A00548E32 /* Release */,
			);
			defaultConfigurationIsVisible = 0;
			defaultConfigurationName = Release;
		};
		963F040C1D23DF4A00548E32 /* Build configuration list for PBXNativeTarget "SampleWeatherApp" */ = {
			isa = XCConfigurationList;
			buildConfigurations = (
				963F040D1D23DF4A00548E32 /* Debug */,
				963F040E1D23DF4A00548E32 /* Release */,
			);
			defaultConfigurationIsVisible = 0;
			defaultConfigurationName = Release;
		};
/* End XCConfigurationList section */
	};
	rootObject = 963F03ED1D23DF4A00548E32 /* Project object */;
}
