// !$*UTF8*$!
{
	archiveVersion = 1;
	classes = {
	};
	objectVersion = 46;
	objects = {

/* Begin PBXBuildFile section */
		21132620346A8647001F3EF4 /* libPods-SampleWeatherApp.a in Frameworks */ = {isa = PBXBuildFile; fileRef = 967D1405FE08594E0FE043BD /* libPods-SampleWeatherApp.a */; };
		9619459F1D2CF72D0016C313 /* LocationManager.m in Sources */ = {isa = PBXBuildFile; fileRef = 9619459E1D2CF72D0016C313 /* LocationManager.m */; };
		961945A11D2CF9400016C313 /* CoreLocation.framework in Frameworks */ = {isa = PBXBuildFile; fileRef = 961945A01D2CF9400016C313 /* CoreLocation.framework */; };
		963F03FA1D23DF4A00548E32 /* main.m in Sources */ = {isa = PBXBuildFile; fileRef = 963F03F91D23DF4A00548E32 /* main.m */; };
		963F03FD1D23DF4A00548E32 /* AppDelegate.m in Sources */ = {isa = PBXBuildFile; fileRef = 963F03FC1D23DF4A00548E32 /* AppDelegate.m */; };
		963F04001D23DF4A00548E32 /* ViewController.m in Sources */ = {isa = PBXBuildFile; fileRef = 963F03FF1D23DF4A00548E32 /* ViewController.m */; };
		963F04031D23DF4A00548E32 /* Main.storyboard in Resources */ = {isa = PBXBuildFile; fileRef = 963F04011D23DF4A00548E32 /* Main.storyboard */; };
		963F04051D23DF4A00548E32 /* Assets.xcassets in Resources */ = {isa = PBXBuildFile; fileRef = 963F04041D23DF4A00548E32 /* Assets.xcassets */; };
		963F04081D23DF4A00548E32 /* LaunchScreen.storyboard in Resources */ = {isa = PBXBuildFile; fileRef = 963F04061D23DF4A00548E32 /* LaunchScreen.storyboard */; };
/* End PBXBuildFile section */

/* Begin PBXFileReference section */
		121E43B7C4C89D00A29C6DC2 /* Pods-SampleWeatherApp.release.xcconfig */ = {isa = PBXFileReference; includeInIndex = 1; lastKnownFileType = text.xcconfig; name = "Pods-SampleWeatherApp.release.xcconfig"; path = "Pods/Target Support Files/Pods-SampleWeatherApp/Pods-SampleWeatherApp.release.xcconfig"; sourceTree = "<group>"; };
		6202128AE9A4378A5AA17F96 /* Pods-SampleWeatherApp.debug.xcconfig */ = {isa = PBXFileReference; includeInIndex = 1; lastKnownFileType = text.xcconfig; name = "Pods-SampleWeatherApp.debug.xcconfig"; path = "Pods/Target Support Files/Pods-SampleWeatherApp/Pods-SampleWeatherApp.debug.xcconfig"; sourceTree = "<group>"; };
		9619459D1D2CF72D0016C313 /* LocationManager.h */ = {isa = PBXFileReference; fileEncoding = 4; lastKnownFileType = sourcecode.c.h; path = LocationManager.h; sourceTree = "<group>"; };
		9619459E1D2CF72D0016C313 /* LocationManager.m */ = {isa = PBXFileReference; fileEncoding = 4; lastKnownFileType = sourcecode.c.objc; path = LocationManager.m; sourceTree = "<group>"; };
		961945A01D2CF9400016C313 /* CoreLocation.framework */ = {isa = PBXFileReference; lastKnownFileType = wrapper.framework; name = CoreLocation.framework; path = System/Library/Frameworks/CoreLocation.framework; sourceTree = SDKROOT; };
		963F03F51D23DF4A00548E32 /* SampleWeatherApp.app */ = {isa = PBXFileReference; explicitFileType = wrapper.application; includeInIndex = 0; path = SampleWeatherApp.app; sourceTree = BUILT_PRODUCTS_DIR; };
		963F03F91D23DF4A00548E32 /* main.m */ = {isa = PBXFileReference; lastKnownFileType = sourcecode.c.objc; path = main.m; sourceTree = "<group>"; };
		963F03FB1D23DF4A00548E32 /* AppDelegate.h */ = {isa = PBXFileReference; lastKnownFileType = sourcecode.c.h; path = AppDelegate.h; sourceTree = "<group>"; };
		963F03FC1D23DF4A00548E32 /* AppDelegate.m */ = {isa = PBXFileReference; lastKnownFileType = sourcecode.c.objc; path = AppDelegate.m; sourceTree = "<group>"; };
		963F03FE1D23DF4A00548E32 /* ViewController.h */ = {isa = PBXFileReference; lastKnownFileType = sourcecode.c.h; path = ViewController.h; sourceTree = "<group>"; };
		963F03FF1D23DF4A00548E32 /* ViewController.m */ = {isa = PBXFileReference; lastKnownFileType = sourcecode.c.objc; path = ViewController.m; sourceTree = "<group>"; };
		963F04021D23DF4A00548E32 /* Base */ = {isa = PBXFileReference; lastKnownFileType = file.storyboard; name = Base; path = Base.lproj/Main.storyboard; sourceTree = "<group>"; };
		963F04041D23DF4A00548E32 /* Assets.xcassets */ = {isa = PBXFileReference; lastKnownFileType = folder.assetcatalog; path = Assets.xcassets; sourceTree = "<group>"; };
		963F04071D23DF4A00548E32 /* Base */ = {isa = PBXFileReference; lastKnownFileType = file.storyboard; name = Base; path = Base.lproj/LaunchScreen.storyboard; sourceTree = "<group>"; };
		963F04091D23DF4A00548E32 /* Info.plist */ = {isa = PBXFileReference; lastKnownFileType = text.plist.xml; path = Info.plist; sourceTree = "<group>"; };
		967D1405FE08594E0FE043BD /* libPods-SampleWeatherApp.a */ = {isa = PBXFileReference; explicitFileType = archive.ar; includeInIndex = 0; path = "libPods-SampleWeatherApp.a"; sourceTree = BUILT_PRODUCTS_DIR; };
/* End PBXFileReference section */

/* Begin PBXFrameworksBuildPhase section */
		963F03F21D23DF4A00548E32 /* Frameworks */ = {
			isa = PBXFrameworksBuildPhase;
			buildActionMask = 2147483647;
			files = (
				961945A11D2CF9400016C313 /* CoreLocation.framework in Frameworks */,
				21132620346A8647001F3EF4 /* libPods-SampleWeatherApp.a in Frameworks */,
			);
			runOnlyForDeploymentPostprocessing = 0;
		};
/* End PBXFrameworksBuildPhase section */

/* Begin PBXGroup section */
		4D5E8C316B1E82F84159B17E /* Pods */ = {
			isa = PBXGroup;
			children = (
				6202128AE9A4378A5AA17F96 /* Pods-SampleWeatherApp.debug.xcconfig */,
				121E43B7C4C89D00A29C6DC2 /* Pods-SampleWeatherApp.release.xcconfig */,
			);
			name = Pods;
			sourceTree = "<group>";
		};
		9619459C1D2CF61E0016C313 /* Singletones */ = {
			isa = PBXGroup;
			children = (
				9619459D1D2CF72D0016C313 /* LocationManager.h */,
				9619459E1D2CF72D0016C313 /* LocationManager.m */,
			);
			path = Singletones;
			sourceTree = "<group>";
		};
		963F03EC1D23DF4A00548E32 = {
			isa = PBXGroup;
			children = (
				963F03F71D23DF4A00548E32 /* SampleWeatherApp */,
				963F03F61D23DF4A00548E32 /* Products */,
				4D5E8C316B1E82F84159B17E /* Pods */,
				EFDB9F9F4DF719A87909A9D5 /* Frameworks */,
			);
			sourceTree = "<group>";
		};
		963F03F61D23DF4A00548E32 /* Products */ = {
			isa = PBXGroup;
			children = (
				963F03F51D23DF4A00548E32 /* SampleWeatherApp.app */,
			);
			name = Products;
			sourceTree = "<group>";
		};
		963F03F71D23DF4A00548E32 /* SampleWeatherApp */ = {
			isa = PBXGroup;
			children = (
				9619459C1D2CF61E0016C313 /* Singletones */,
				963F03FB1D23DF4A00548E32 /* AppDelegate.h */,
				963F03FC1D23DF4A00548E32 /* AppDelegate.m */,
				963F03FE1D23DF4A00548E32 /* ViewController.h */,
				963F03FF1D23DF4A00548E32 /* ViewController.m */,
				963F04011D23DF4A00548E32 /* Main.storyboard */,
				963F04041D23DF4A00548E32 /* Assets.xcassets */,
				963F04061D23DF4A00548E32 /* LaunchScreen.storyboard */,
				963F04091D23DF4A00548E32 /* Info.plist */,
				963F03F81D23DF4A00548E32 /* Supporting Files */,
			);
			path = SampleWeatherApp;
			sourceTree = "<group>";
		};
		963F03F81D23DF4A00548E32 /* Supporting Files */ = {
			isa = PBXGroup;
			children = (
				963F03F91D23DF4A00548E32 /* main.m */,
			);
			name = "Supporting Files";
			sourceTree = "<group>";
		};
		EFDB9F9F4DF719A87909A9D5 /* Frameworks */ = {
			isa = PBXGroup;
			children = (
				961945A01D2CF9400016C313 /* CoreLocation.framework */,
				967D1405FE08594E0FE043BD /* libPods-SampleWeatherApp.a */,
			);
			name = Frameworks;
			sourceTree = "<group>";
		};
/* End PBXGroup section */

/* Begin PBXNativeTarget section */
		963F03F41D23DF4A00548E32 /* SampleWeatherApp */ = {
			isa = PBXNativeTarget;
			buildConfigurationList = 963F040C1D23DF4A00548E32 /* Build configuration list for PBXNativeTarget "SampleWeatherApp" */;
			buildPhases = (
				6016B1110BE969F11329373D /* [CP] Check Pods Manifest.lock */,
				963F03F11D23DF4A00548E32 /* Sources */,
				963F03F21D23DF4A00548E32 /* Frameworks */,
				963F03F31D23DF4A00548E32 /* Resources */,
				05633F29A3623612DD6A2B0C /* [CP] Embed Pods Frameworks */,
				22F5BBE8EC430C7D221B4A71 /* [CP] Copy Pods Resources */,
			);
			buildRules = (
			);
			dependencies = (
			);
			name = SampleWeatherApp;
			productName = SampleWeatherApp;
			productReference = 963F03F51D23DF4A00548E32 /* SampleWeatherApp.app */;
			productType = "com.apple.product-type.application";
		};
/* End PBXNativeTarget section */

/* Begin PBXProject section */
		963F03ED1D23DF4A00548E32 /* Project object */ = {
			isa = PBXProject;
			attributes = {
				LastUpgradeCheck = 0730;
				ORGANIZATIONNAME = SiliconOrchard;
				TargetAttributes = {
					963F03F41D23DF4A00548E32 = {
						CreatedOnToolsVersion = 7.3;
					};
				};
			};
			buildConfigurationList = 963F03F01D23DF4A00548E32 /* Build configuration list for PBXProject "SampleWeatherApp" */;
			compatibilityVersion = "Xcode 3.2";
			developmentRegion = English;
			hasScannedForEncodings = 0;
			knownRegions = (
				en,
				Base,
			);
			mainGroup = 963F03EC1D23DF4A00548E32;
			productRefGroup = 963F03F61D23DF4A00548E32 /* Products */;
			projectDirPath = "";
			projectRoot = "";
			targets = (
				963F03F41D23DF4A00548E32 /* SampleWeatherApp */,
			);
		};
/* End PBXProject section */

/* Begin PBXResourcesBuildPhase section */
		963F03F31D23DF4A00548E32 /* Resources */ = {
			isa = PBXResourcesBuildPhase;
			buildActionMask = 2147483647;
			files = (
				963F04081D23DF4A00548E32 /* LaunchScreen.storyboard in Resources */,
				963F04051D23DF4A00548E32 /* Assets.xcassets in Resources */,
				963F04031D23DF4A00548E32 /* Main.storyboard in Resources */,
			);
			runOnlyForDeploymentPostprocessing = 0;
		};
/* End PBXResourcesBuildPhase section */

/* Begin PBXShellScriptBuildPhase section */
		05633F29A3623612DD6A2B0C /* [CP] Embed Pods Frameworks */ = {
			isa = PBXShellScriptBuildPhase;
			buildActionMask = 2147483647;
			files = (
			);
			inputPaths = (
			);
			name = "[CP] Embed Pods Frameworks";
			outputPaths = (
			);
			runOnlyForDeploymentPostprocessing = 0;
			shellPath = /bin/sh;
			shellScript = "\"${SRCROOT}/Pods/Target Support Files/Pods-SampleWeatherApp/Pods-SampleWeatherApp-frameworks.sh\"\n";
			showEnvVarsInLog = 0;
		};
		22F5BBE8EC430C7D221B4A71 /* [CP] Copy Pods Resources */ = {
			isa = PBXShellScriptBuildPhase;
			buildActionMask = 2147483647;
			files = (
			);
			inputPaths = (
			);
			name = "[CP] Copy Pods Resources";
			outputPaths = (
			);
			runOnlyForDeploymentPostprocessing = 0;
			shellPath = /bin/sh;
			shellScript = "\"${SRCROOT}/Pods/Target Support Files/Pods-SampleWeatherApp/Pods-SampleWeatherApp-resources.sh\"\n";
			showEnvVarsInLog = 0;
		};
		6016B1110BE969F11329373D /* [CP] Check Pods Manifest.lock */ = {
			isa = PBXShellScriptBuildPhase;
			buildActionMask = 2147483647;
			files = (
			);
			inputPaths = (
			);
			name = "[CP] Check Pods Manifest.lock";
			outputPaths = (
			);
			runOnlyForDeploymentPostprocessing = 0;
			shellPath = /bin/sh;
			shellScript = "diff \"${PODS_ROOT}/../Podfile.lock\" \"${PODS_ROOT}/Manifest.lock\" > /dev/null\nif [[ $? != 0 ]] ; then\n    cat << EOM\nerror: The sandbox is not in sync with the Podfile.lock. Run 'pod install' or update your CocoaPods installation.\nEOM\n    exit 1\nfi\n";
			showEnvVarsInLog = 0;
		};
/* End PBXShellScriptBuildPhase section */

/* Begin PBXSourcesBuildPhase section */
		963F03F11D23DF4A00548E32 /* Sources */ = {
			isa = PBXSourcesBuildPhase;
			buildActionMask = 2147483647;
			files = (
				963F04001D23DF4A00548E32 /* ViewController.m in Sources */,
				963F03FD1D23DF4A00548E32 /* AppDelegate.m in Sources */,
				9619459F1D2CF72D0016C313 /* LocationManager.m in Sources */,
				963F03FA1D23DF4A00548E32 /* main.m in Sources */,
			);
			runOnlyForDeploymentPostprocessing = 0;
		};
/* End PBXSourcesBuildPhase section */

/* Begin PBXVariantGroup section */
		963F04011D23DF4A00548E32 /* Main.storyboard */ = {
			isa = PBXVariantGroup;
			children = (
				963F04021D23DF4A00548E32 /* Base */,
			);
			name = Main.storyboard;
			sourceTree = "<group>";
		};
		963F04061D23DF4A00548E32 /* LaunchScreen.storyboard */ = {
			isa = PBXVariantGroup;
			children = (
				963F04071D23DF4A00548E32 /* Base */,
			);
			name = LaunchScreen.storyboard;
			sourceTree = "<group>";
		};
/* End PBXVariantGroup section */

/* Begin XCBuildConfiguration section */
		963F040A1D23DF4A00548E32 /* Debug */ = {
			isa = XCBuildConfiguration;
			buildSettings = {
				ALWAYS_SEARCH_USER_PATHS = NO;
				CLANG_ANALYZER_NONNULL = YES;
				CLANG_CXX_LANGUAGE_STANDARD = "gnu++0x";
				CLANG_CXX_LIBRARY = "libc++";
				CLANG_ENABLE_MODULES = YES;
				CLANG_ENABLE_OBJC_ARC = YES;
				CLANG_WARN_BOOL_CONVERSION = YES;
				CLANG_WARN_CONSTANT_CONVERSION = YES;
				CLANG_WARN_DIRECT_OBJC_ISA_USAGE = YES_ERROR;
				CLANG_WARN_EMPTY_BODY = YES;
				CLANG_WARN_ENUM_CONVERSION = YES;
				CLANG_WARN_INT_CONVERSION = YES;
				CLANG_WARN_OBJC_ROOT_CLASS = YES_ERROR;
				CLANG_WARN_UNREACHABLE_CODE = YES;
				CLANG_WARN__DUPLICATE_METHOD_MATCH = YES;
				"CODE_SIGN_IDENTITY[sdk=iphoneos*]" = "iPhone Developer";
				COPY_PHASE_STRIP = NO;
				DEBUG_INFORMATION_FORMAT = dwarf;
				ENABLE_STRICT_OBJC_MSGSEND = YES;
				ENABLE_TESTABILITY = YES;
				GCC_C_LANGUAGE_STANDARD = gnu99;
				GCC_DYNAMIC_NO_PIC = NO;
				GCC_NO_COMMON_BLOCKS = YES;
				GCC_OPTIMIZATION_LEVEL = 0;
				GCC_PREPROCESSOR_DEFINITIONS = (
					"DEBUG=1",
					"$(inherited)",
				);
				GCC_WARN_64_TO_32_BIT_CONVERSION = YES;
				GCC_WARN_ABOUT_RETURN_TYPE = YES_ERROR;
				GCC_WARN_UNDECLARED_SELECTOR = YES;
				GCC_WARN_UNINITIALIZED_AUTOS = YES_AGGRESSIVE;
				GCC_WARN_UNUSED_FUNCTION = YES;
				GCC_WARN_UNUSED_VARIABLE = YES;
				IPHONEOS_DEPLOYMENT_TARGET = 9.3;
				MTL_ENABLE_DEBUG_INFO = YES;
				ONLY_ACTIVE_ARCH = YES;
				SDKROOT = iphoneos;
				TARGETED_DEVICE_FAMILY = "1,2";
			};
			name = Debug;
		};
		963F040B1D23DF4A00548E32 /* Release */ = {
			isa = XCBuildConfiguration;
			buildSettings = {
				ALWAYS_SEARCH_USER_PATHS = NO;
				CLANG_ANALYZER_NONNULL = YES;
				CLANG_CXX_LANGUAGE_STANDARD = "gnu++0x";
				CLANG_CXX_LIBRARY = "libc++";
				CLANG_ENABLE_MODULES = YES;
				CLANG_ENABLE_OBJC_ARC = YES;
				CLANG_WARN_BOOL_CONVERSION = YES;
				CLANG_WARN_CONSTANT_CONVERSION = YES;
				CLANG_WARN_DIRECT_OBJC_ISA_USAGE = YES_ERROR;
				CLANG_WARN_EMPTY_BODY = YES;
				CLANG_WARN_ENUM_CONVERSION = YES;
				CLANG_WARN_INT_CONVERSION = YES;
				CLANG_WARN_OBJC_ROOT_CLASS = YES_ERROR;
				CLANG_WARN_UNREACHABLE_CODE = YES;
				CLANG_WARN__DUPLICATE_METHOD_MATCH = YES;
				"CODE_SIGN_IDENTITY[sdk=iphoneos*]" = "iPhone Developer";
				COPY_PHASE_STRIP = NO;
				DEBUG_INFORMATION_FORMAT = "dwarf-with-dsym";
				ENABLE_NS_ASSERTIONS = NO;
				ENABLE_STRICT_OBJC_MSGSEND = YES;
				GCC_C_LANGUAGE_STANDARD = gnu99;
				GCC_NO_COMMON_BLOCKS = YES;
				GCC_WARN_64_TO_32_BIT_CONVERSION = YES;
				GCC_WARN_ABOUT_RETURN_TYPE = YES_ERROR;
				GCC_WARN_UNDECLARED_SELECTOR = YES;
				GCC_WARN_UNINITIALIZED_AUTOS = YES_AGGRESSIVE;
				GCC_WARN_UNUSED_FUNCTION = YES;
				GCC_WARN_UNUSED_VARIABLE = YES;
				IPHONEOS_DEPLOYMENT_TARGET = 9.3;
				MTL_ENABLE_DEBUG_INFO = NO;
				SDKROOT = iphoneos;
				TARGETED_DEVICE_FAMILY = "1,2";
				VALIDATE_PRODUCT = YES;
			};
			name = Release;
		};
		963F040D1D23DF4A00548E32 /* Debug */ = {
			isa = XCBuildConfiguration;
			baseConfigurationReference = 6202128AE9A4378A5AA17F96 /* Pods-SampleWeatherApp.debug.xcconfig */;
			buildSettings = {
				ASSETCATALOG_COMPILER_APPICON_NAME = AppIcon;
				INFOPLIST_FILE = SampleWeatherApp/Info.plist;
				LD_RUNPATH_SEARCH_PATHS = "$(inherited) @executable_path/Frameworks";
				PRODUCT_BUNDLE_IDENTIFIER = com.SiliconOrchard.SampleWeatherApp;
				PRODUCT_NAME = "$(TARGET_NAME)";
				TARGETED_DEVICE_FAMILY = 1;
			};
			name = Debug;
		};
		963F040E1D23DF4A00548E32 /* Release */ = {
			isa = XCBuildConfiguration;
			baseConfigurationReference = 121E43B7C4C89D00A29C6DC2 /* Pods-SampleWeatherApp.release.xcconfig */;
			buildSettings = {
				ASSETCATALOG_COMPILER_APPICON_NAME = AppIcon;
				INFOPLIST_FILE = SampleWeatherApp/Info.plist;
				LD_RUNPATH_SEARCH_PATHS = "$(inherited) @executable_path/Frameworks";
				PRODUCT_BUNDLE_IDENTIFIER = com.SiliconOrchard.SampleWeatherApp;
				PRODUCT_NAME = "$(TARGET_NAME)";
				TARGETED_DEVICE_FAMILY = 1;
			};
			name = Release;
		};
/* End XCBuildConfiguration section */

/* Begin XCConfigurationList section */
		963F03F01D23DF4A00548E32 /* Build configuration list for PBXProject "SampleWeatherApp" */ = {
			isa = XCConfigurationList;
			buildConfigurations = (
				963F040A1D23DF4A00548E32 /* Debug */,
				963F040B1D23DF4A00548E32 /* Release */,
			);
			defaultConfigurationIsVisible = 0;
			defaultConfigurationName = Release;
		};
		963F040C1D23DF4A00548E32 /* Build configuration list for PBXNativeTarget "SampleWeatherApp" */ = {
			isa = XCConfigurationList;
			buildConfigurations = (
				963F040D1D23DF4A00548E32 /* Debug */,
				963F040E1D23DF4A00548E32 /* Release */,
			);
			defaultConfigurationIsVisible = 0;
			defaultConfigurationName = Release;
		};
/* End XCConfigurationList section */
	};
	rootObject = 963F03ED1D23DF4A00548E32 /* Project object */;
}
